
Microsoft Visual Studio Solution File, Format Version 12.00
# Visual Studio Version 16
VisualStudioVersion = 16.0.29306.81
MinimumVisualStudioVersion = 10.0.40219.1
Project("{FAE04EC0-301F-11D3-BF4B-00C04F79EFBC}") = "SalesWebMvc", "SalesWebMvc\SalesWebMvc.csproj", "{EFCF6A27-5A1C-4962-A33A-AD0A2988B59D}"
EndProject
Global
	GlobalSection(SolutionConfigurationPlatforms) = preSolution
		Debug|Any CPU = Debug|Any CPU
		Release|Any CPU = Release|Any CPU
	EndGlobalSection
	GlobalSection(ProjectConfigurationPlatforms) = postSolution
		{EFCF6A27-5A1C-4962-A33A-AD0A2988B59D}.Debug|Any CPU.ActiveCfg = Debug|Any CPU
		{EFCF6A27-5A1C-4962-A33A-AD0A2988B59D}.Debug|Any CPU.Build.0 = Debug|Any CPU
		{EFCF6A27-5A1C-4962-A33A-AD0A2988B59D}.Release|Any CPU.ActiveCfg = Release|Any CPU
		{EFCF6A27-5A1C-4962-A33A-AD0A2988B59D}.Release|Any CPU.Build.0 = Release|Any CPU
	EndGlobalSection
	GlobalSection(SolutionProperties) = preSolution
		HideSolutionNode = FALSE
	EndGlobalSection
	GlobalSection(ExtensibilityGlobals) = postSolution
		SolutionGuid = {B00CBC27-F706-4A7B-AABF-E21CA335E379}
	EndGlobalSection
EndGlobal
